
Microsoft Visual Studio Solution File, Format Version 12.00
# Visual Studio Version 17
VisualStudioVersion = 17.3.32929.385
MinimumVisualStudioVersion = 10.0.40219.1
Project("{FAE04EC0-301F-11D3-BF4B-00C04F79EFBC}") = "cutiecrypt", "cutiecrypt\cutiecrypt.csproj", "{4C935D69-3BC4-4E26-8983-DB6B3BD0C79D}"
EndProject
Global
	GlobalSection(SolutionConfigurationPlatforms) = preSolution
		Debug|Any CPU = Debug|Any CPU
		Release|Any CPU = Release|Any CPU
	EndGlobalSection
	GlobalSection(ProjectConfigurationPlatforms) = postSolution
		{4C935D69-3BC4-4E26-8983-DB6B3BD0C79D}.Debug|Any CPU.ActiveCfg = Debug|Any CPU
		{4C935D69-3BC4-4E26-8983-DB6B3BD0C79D}.Debug|Any CPU.Build.0 = Debug|Any CPU
		{4C935D69-3BC4-4E26-8983-DB6B3BD0C79D}.Release|Any CPU.ActiveCfg = Release|Any CPU
		{4C935D69-3BC4-4E26-8983-DB6B3BD0C79D}.Release|Any CPU.Build.0 = Release|Any CPU
	EndGlobalSection
	GlobalSection(SolutionProperties) = preSolution
		HideSolutionNode = FALSE
	EndGlobalSection
	GlobalSection(ExtensibilityGlobals) = postSolution
		SolutionGuid = {72F1D8BB-D3B4-4C86-AA79-C2AACA365FEC}
	EndGlobalSection
EndGlobal
